
Microsoft Visual Studio Solution File, Format Version 12.00
# Visual Studio 15
VisualStudioVersion = 15.0.28010.2046
MinimumVisualStudioVersion = 10.0.40219.1
Project("{159641D6-6404-4A2A-AE62-294DE0FE8301}") = "BimlDatabaseDiscovery", "BimlDatabaseDiscovery\BimlDatabaseDiscovery.dtproj", "{DDAB541B-8883-4D89-9E35-3BE03CD09563}"
EndProject
Global
	GlobalSection(SolutionConfigurationPlatforms) = preSolution
		Development|Default = Development|Default
	EndGlobalSection
	GlobalSection(ProjectConfigurationPlatforms) = postSolution
		{DDAB541B-8883-4D89-9E35-3BE03CD09563}.Development|Default.ActiveCfg = Development
		{DDAB541B-8883-4D89-9E35-3BE03CD09563}.Development|Default.Build.0 = Development
	EndGlobalSection
	GlobalSection(SolutionProperties) = preSolution
		HideSolutionNode = FALSE
	EndGlobalSection
	GlobalSection(ExtensibilityGlobals) = postSolution
		SolutionGuid = {45741D56-4A0D-41E8-9D44-04567BA99BEC}
	EndGlobalSection
EndGlobal
